dependencies:
- name: redis
  repository: https://charts.bitnami.com/bitnami
  version: 20.6.1
- name: nginx
  repository: https://charts.bitnami.com/bitnami
  version: 18.3.2
digest: sha256:a6756a21db53524c625314a51643d42ae3285abad310b0c144d149641e43357b
generated: "2025-01-03T21:14:39.764632011Z"
